
Microsoft Visual Studio Solution File, Format Version 12.00
# Visual Studio 15
VisualStudioVersion = 15.0.27004.2009
MinimumVisualStudioVersion = 10.0.40219.1
Project("{FAE04EC0-301F-11D3-BF4B-00C04F79EFBC}") = "ShutdownTimer", "ShutdownTimer\ShutdownTimer.csproj", "{6403E0B4-215B-4FE9-BA2E-4028B34D208B}"
EndProject
Project("{54435603-DBB4-11D2-8724-00A0C9A8B90C}") = "Scheduler", "Scheduler\Scheduler.vdproj", "{59FCFAC6-E8F8-49F9-9271-5B989C23374F}"
EndProject
Global
	GlobalSection(SolutionConfigurationPlatforms) = preSolution
		Debug|Any CPU = Debug|Any CPU
		Release|Any CPU = Release|Any CPU
	EndGlobalSection
	GlobalSection(ProjectConfigurationPlatforms) = postSolution
		{6403E0B4-215B-4FE9-BA2E-4028B34D208B}.Debug|Any CPU.ActiveCfg = Debug|Any CPU
		{6403E0B4-215B-4FE9-BA2E-4028B34D208B}.Debug|Any CPU.Build.0 = Debug|Any CPU
		{6403E0B4-215B-4FE9-BA2E-4028B34D208B}.Release|Any CPU.ActiveCfg = Release|Any CPU
		{6403E0B4-215B-4FE9-BA2E-4028B34D208B}.Release|Any CPU.Build.0 = Release|Any CPU
		{59FCFAC6-E8F8-49F9-9271-5B989C23374F}.Debug|Any CPU.ActiveCfg = Debug
		{59FCFAC6-E8F8-49F9-9271-5B989C23374F}.Release|Any CPU.ActiveCfg = Release
	EndGlobalSection
	GlobalSection(SolutionProperties) = preSolution
		HideSolutionNode = FALSE
	EndGlobalSection
	GlobalSection(ExtensibilityGlobals) = postSolution
		SolutionGuid = {C8559972-20DD-46BD-AF74-18C1C92390A0}
	EndGlobalSection
EndGlobal
